
Microsoft Visual Studio Solution File, Format Version 12.00
# Visual Studio 15
VisualStudioVersion = 15.0.28307.421
MinimumVisualStudioVersion = 10.0.40219.1
Project("{FAE04EC0-301F-11D3-BF4B-00C04F79EFBC}") = "IterationApp", "IterationApp\IterationApp.csproj", "{866A28F5-B7B0-45FA-8D6F-5112779DA34F}"
EndProject
Global
	GlobalSection(SolutionConfigurationPlatforms) = preSolution
		Debug|Any CPU = Debug|Any CPU
		Release|Any CPU = Release|Any CPU
	EndGlobalSection
	GlobalSection(ProjectConfigurationPlatforms) = postSolution
		{866A28F5-B7B0-45FA-8D6F-5112779DA34F}.Debug|Any CPU.ActiveCfg = Debug|Any CPU
		{866A28F5-B7B0-45FA-8D6F-5112779DA34F}.Debug|Any CPU.Build.0 = Debug|Any CPU
		{866A28F5-B7B0-45FA-8D6F-5112779DA34F}.Release|Any CPU.ActiveCfg = Release|Any CPU
		{866A28F5-B7B0-45FA-8D6F-5112779DA34F}.Release|Any CPU.Build.0 = Release|Any CPU
	EndGlobalSection
	GlobalSection(SolutionProperties) = preSolution
		HideSolutionNode = FALSE
	EndGlobalSection
	GlobalSection(ExtensibilityGlobals) = postSolution
		SolutionGuid = {BD8E020D-1E08-4569-B27F-6F4A341D47D1}
	EndGlobalSection
EndGlobal
