
Microsoft Visual Studio Solution File, Format Version 12.00
# Visual Studio 15
VisualStudioVersion = 15.0.28307.421
MinimumVisualStudioVersion = 10.0.40219.1
Project("{FAE04EC0-301F-11D3-BF4B-00C04F79EFBC}") = "shippingQuoteApp", "shippingQuoteApp\shippingQuoteApp.csproj", "{FD8033EE-9A7C-4CD3-B44E-3F06A0AB47B6}"
EndProject
Global
	GlobalSection(SolutionConfigurationPlatforms) = preSolution
		Debug|Any CPU = Debug|Any CPU
		Release|Any CPU = Release|Any CPU
	EndGlobalSection
	GlobalSection(ProjectConfigurationPlatforms) = postSolution
		{FD8033EE-9A7C-4CD3-B44E-3F06A0AB47B6}.Debug|Any CPU.ActiveCfg = Debug|Any CPU
		{FD8033EE-9A7C-4CD3-B44E-3F06A0AB47B6}.Debug|Any CPU.Build.0 = Debug|Any CPU
		{FD8033EE-9A7C-4CD3-B44E-3F06A0AB47B6}.Release|Any CPU.ActiveCfg = Release|Any CPU
		{FD8033EE-9A7C-4CD3-B44E-3F06A0AB47B6}.Release|Any CPU.Build.0 = Release|Any CPU
	EndGlobalSection
	GlobalSection(SolutionProperties) = preSolution
		HideSolutionNode = FALSE
	EndGlobalSection
	GlobalSection(ExtensibilityGlobals) = postSolution
		SolutionGuid = {9401F7BD-843D-493C-A07B-5D166FB64115}
	EndGlobalSection
EndGlobal
