
Microsoft Visual Studio Solution File, Format Version 12.00
# Visual Studio 15
VisualStudioVersion = 15.0.28307.421
MinimumVisualStudioVersion = 10.0.40219.1
Project("{FAE04EC0-301F-11D3-BF4B-00C04F79EFBC}") = "EnumsApp", "EnumsApp\EnumsApp.csproj", "{3971F150-4D7B-4BB1-A070-7FD6F8B263F2}"
EndProject
Global
	GlobalSection(SolutionConfigurationPlatforms) = preSolution
		Debug|Any CPU = Debug|Any CPU
		Release|Any CPU = Release|Any CPU
	EndGlobalSection
	GlobalSection(ProjectConfigurationPlatforms) = postSolution
		{3971F150-4D7B-4BB1-A070-7FD6F8B263F2}.Debug|Any CPU.ActiveCfg = Debug|Any CPU
		{3971F150-4D7B-4BB1-A070-7FD6F8B263F2}.Debug|Any CPU.Build.0 = Debug|Any CPU
		{3971F150-4D7B-4BB1-A070-7FD6F8B263F2}.Release|Any CPU.ActiveCfg = Release|Any CPU
		{3971F150-4D7B-4BB1-A070-7FD6F8B263F2}.Release|Any CPU.Build.0 = Release|Any CPU
	EndGlobalSection
	GlobalSection(SolutionProperties) = preSolution
		HideSolutionNode = FALSE
	EndGlobalSection
	GlobalSection(ExtensibilityGlobals) = postSolution
		SolutionGuid = {89303560-7FBB-46F9-A4C8-D0ED1C582A5A}
	EndGlobalSection
EndGlobal
