
Microsoft Visual Studio Solution File, Format Version 12.00
# Visual Studio 15
VisualStudioVersion = 15.0.28307.421
MinimumVisualStudioVersion = 10.0.40219.1
Project("{FAE04EC0-301F-11D3-BF4B-00C04F79EFBC}") = "BirthYearErrorHandlingApp", "BirthYearErrorHandlingApp\BirthYearErrorHandlingApp.csproj", "{99469B39-5ED3-4743-9380-7B99294D4BC1}"
EndProject
Global
	GlobalSection(SolutionConfigurationPlatforms) = preSolution
		Debug|Any CPU = Debug|Any CPU
		Release|Any CPU = Release|Any CPU
	EndGlobalSection
	GlobalSection(ProjectConfigurationPlatforms) = postSolution
		{99469B39-5ED3-4743-9380-7B99294D4BC1}.Debug|Any CPU.ActiveCfg = Debug|Any CPU
		{99469B39-5ED3-4743-9380-7B99294D4BC1}.Debug|Any CPU.Build.0 = Debug|Any CPU
		{99469B39-5ED3-4743-9380-7B99294D4BC1}.Release|Any CPU.ActiveCfg = Release|Any CPU
		{99469B39-5ED3-4743-9380-7B99294D4BC1}.Release|Any CPU.Build.0 = Release|Any CPU
	EndGlobalSection
	GlobalSection(SolutionProperties) = preSolution
		HideSolutionNode = FALSE
	EndGlobalSection
	GlobalSection(ExtensibilityGlobals) = postSolution
		SolutionGuid = {D6A4D362-6838-4AA5-9DF4-81BF1B344DDC}
	EndGlobalSection
EndGlobal
