
Microsoft Visual Studio Solution File, Format Version 12.00
# Visual Studio 15
VisualStudioVersion = 15.0.28307.421
MinimumVisualStudioVersion = 10.0.40219.1
Project("{FAE04EC0-301F-11D3-BF4B-00C04F79EFBC}") = "EmployeeLambdaExpressionExamples", "EmployeeLambdaExpressionExamples\EmployeeLambdaExpressionExamples.csproj", "{502F6B3E-C9D5-4E78-9E75-8D9B1CBDE0AF}"
EndProject
Global
	GlobalSection(SolutionConfigurationPlatforms) = preSolution
		Debug|Any CPU = Debug|Any CPU
		Release|Any CPU = Release|Any CPU
	EndGlobalSection
	GlobalSection(ProjectConfigurationPlatforms) = postSolution
		{502F6B3E-C9D5-4E78-9E75-8D9B1CBDE0AF}.Debug|Any CPU.ActiveCfg = Debug|Any CPU
		{502F6B3E-C9D5-4E78-9E75-8D9B1CBDE0AF}.Debug|Any CPU.Build.0 = Debug|Any CPU
		{502F6B3E-C9D5-4E78-9E75-8D9B1CBDE0AF}.Release|Any CPU.ActiveCfg = Release|Any CPU
		{502F6B3E-C9D5-4E78-9E75-8D9B1CBDE0AF}.Release|Any CPU.Build.0 = Release|Any CPU
	EndGlobalSection
	GlobalSection(SolutionProperties) = preSolution
		HideSolutionNode = FALSE
	EndGlobalSection
	GlobalSection(ExtensibilityGlobals) = postSolution
		SolutionGuid = {E3F32803-DF12-41D3-90D8-E710BF5218BE}
	EndGlobalSection
EndGlobal
